
Microsoft Visual Studio Solution File, Format Version 12.00
# Visual Studio Version 17
VisualStudioVersion = 17.6.33815.320
MinimumVisualStudioVersion = 10.0.40219.1
Project("{FAE04EC0-301F-11D3-BF4B-00C04F79EFBC}") = "Inventory_Management", "Inventory_Management\Inventory_Management.csproj", "{AE572754-2280-4025-AB36-71AF7622137A}"
EndProject
Project("{FAE04EC0-301F-11D3-BF4B-00C04F79EFBC}") = "Dall", "Dall\Dall.csproj", "{48DE7B36-AA7F-4723-B4D3-C3FF96CD4544}"
EndProject
Global
	GlobalSection(SolutionConfigurationPlatforms) = preSolution
		Debug|Any CPU = Debug|Any CPU
		Release|Any CPU = Release|Any CPU
	EndGlobalSection
	GlobalSection(ProjectConfigurationPlatforms) = postSolution
		{AE572754-2280-4025-AB36-71AF7622137A}.Debug|Any CPU.ActiveCfg = Debug|Any CPU
		{AE572754-2280-4025-AB36-71AF7622137A}.Debug|Any CPU.Build.0 = Debug|Any CPU
		{AE572754-2280-4025-AB36-71AF7622137A}.Release|Any CPU.ActiveCfg = Release|Any CPU
		{AE572754-2280-4025-AB36-71AF7622137A}.Release|Any CPU.Build.0 = Release|Any CPU
		{48DE7B36-AA7F-4723-B4D3-C3FF96CD4544}.Debug|Any CPU.ActiveCfg = Debug|Any CPU
		{48DE7B36-AA7F-4723-B4D3-C3FF96CD4544}.Debug|Any CPU.Build.0 = Debug|Any CPU
		{48DE7B36-AA7F-4723-B4D3-C3FF96CD4544}.Release|Any CPU.ActiveCfg = Release|Any CPU
		{48DE7B36-AA7F-4723-B4D3-C3FF96CD4544}.Release|Any CPU.Build.0 = Release|Any CPU
	EndGlobalSection
	GlobalSection(SolutionProperties) = preSolution
		HideSolutionNode = FALSE
	EndGlobalSection
	GlobalSection(ExtensibilityGlobals) = postSolution
		SolutionGuid = {04A11847-F704-41DE-AAB4-3922E5667F84}
	EndGlobalSection
EndGlobal
